{
    "name": "@threepipe/plugin-geometry-generator",
    "version": "0.6.3",
    "lockfileVersion": 3,
    "requires": true,
    "packages": {
        "": {
            "name": "@threepipe/plugin-geometry-generator",
            "version": "0.6.3",
            "license": "Apache-2.0",
            "dependencies": {
                "threepipe": "file:./../../src/"
            },
            "devDependencies": {},
            "peerDependencies": {
                "threepipe": ">=0.1.0"
            }
        },
        "../../src": {},
        "node_modules/threepipe": {
            "resolved": "../../src",
            "link": true
        }
    }
}
