{
    "name": "threepipe-plugin-template-rollup",
    "version": "0.0.1",
    "lockfileVersion": 2,
    "requires": true,
    "packages": {
        "": {
            "name": "threepipe-plugin-template-rollup",
            "version": "0.0.1",
            "license": "Apache-2.0",
            "dependencies": {
                "@threepipe/plugin-tweakpane": "file:./../tweakpane/src/",
                "threepipe": "file:./../../src/"
            },
            "devDependencies": {}
        },
        "../../src": {},
        "../tweakpane/src": {},
        "node_modules/@threepipe/plugin-tweakpane": {
            "resolved": "../tweakpane/src",
            "link": true
        },
        "node_modules/threepipe": {
            "resolved": "../../src",
            "link": true
        }
    },
    "dependencies": {
        "@threepipe/plugin-tweakpane": {
            "version": "file:../tweakpane/src"
        },
        "threepipe": {
            "version": "file:../../src"
        }
    }
}
