{
    "name": "@threepipe/plugin-network",
    "version": "0.1.3",
    "lockfileVersion": 3,
    "requires": true,
    "packages": {
        "": {
            "name": "@threepipe/plugin-network",
            "version": "0.1.3",
            "license": "Apache-2.0",
            "dependencies": {
                "aws4fetch": "^1.0.18",
                "threepipe": "file:./../../src/"
            },
            "devDependencies": {}
        },
        "../../src": {},
        "node_modules/aws4fetch": {
            "version": "1.0.18",
            "resolved": "https://registry.npmjs.org/aws4fetch/-/aws4fetch-1.0.18.tgz",
            "integrity": "sha512-3Cf+YaUl07p24MoQ46rFwulAmiyCwH2+1zw1ZyPAX5OtJ34Hh185DwB8y/qRLb6cYYYtSFJ9pthyLc0MD4e8sQ=="
        },
        "node_modules/threepipe": {
            "resolved": "../../src",
            "link": true
        }
    }
}
