{
    "name": "tweakpane-editor",
    "version": "1.0.0",
    "lockfileVersion": 2,
    "requires": true,
    "packages": {
        "": {
            "name": "tweakpane-editor",
            "version": "1.0.0",
            "dependencies": {
                "threepipe": "./../../../dist/",
                "tippy.js": "^6.3.7"
            }
        },
        "../../../dist": {},
        "node_modules/@popperjs/core": {
            "version": "2.11.8",
            "resolved": "https://registry.npmjs.org/@popperjs/core/-/core-2.11.8.tgz",
            "integrity": "sha512-P1st0aksCrn9sGZhp8GMYwBnQsbvAWsZAX44oXNNvLHGqAOcoVxmjZiohstwQ7SqKnbR47akdNi+uleWD8+g6A==",
            "funding": {
                "type": "opencollective",
                "url": "https://opencollective.com/popperjs"
            }
        },
        "node_modules/threepipe": {
            "resolved": "../../../dist",
            "link": true
        },
        "node_modules/tippy.js": {
            "version": "6.3.7",
            "resolved": "https://registry.npmjs.org/tippy.js/-/tippy.js-6.3.7.tgz",
            "integrity": "sha512-E1d3oP2emgJ9dRQZdf3Kkn0qJgI6ZLpyS5z6ZkY1DF3kaQaBsGZsndEpHwx+eC+tYM41HaSNvNtLx8tU57FzTQ==",
            "dependencies": {
                "@popperjs/core": "^2.9.0"
            }
        }
    },
    "dependencies": {
        "@popperjs/core": {
            "version": "2.11.8",
            "resolved": "https://registry.npmjs.org/@popperjs/core/-/core-2.11.8.tgz",
            "integrity": "sha512-P1st0aksCrn9sGZhp8GMYwBnQsbvAWsZAX44oXNNvLHGqAOcoVxmjZiohstwQ7SqKnbR47akdNi+uleWD8+g6A=="
        },
        "threepipe": {
            "version": "file:../../../dist"
        },
        "tippy.js": {
            "version": "6.3.7",
            "resolved": "https://registry.npmjs.org/tippy.js/-/tippy.js-6.3.7.tgz",
            "integrity": "sha512-E1d3oP2emgJ9dRQZdf3Kkn0qJgI6ZLpyS5z6ZkY1DF3kaQaBsGZsndEpHwx+eC+tYM41HaSNvNtLx8tU57FzTQ==",
            "requires": {
                "@popperjs/core": "^2.9.0"
            }
        }
    }
}
