{
    "name": "@threepipe/plugin-3d-tiles-renderer",
    "version": "0.2.0",
    "lockfileVersion": 3,
    "requires": true,
    "packages": {
        "": {
            "name": "@threepipe/plugin-3d-tiles-renderer",
            "version": "0.2.0",
            "license": "Apache-2.0",
            "dependencies": {
                "three": "file:./../../node_modules/three",
                "threepipe": "file:./../../src/"
            },
            "devDependencies": {
                "3d-tiles-renderer": "^0.4.9"
            }
        },
        "../../node_modules/three": {
            "version": "0.158.1002",
            "license": "MIT",
            "devDependencies": {
                "@puppeteer/browsers": "^1.4.1",
                "@rollup/plugin-node-resolve": "^15.0.1",
                "@rollup/plugin-terser": "^0.4.0",
                "chalk": "^5.2.0",
                "concurrently": "^8.0.1",
                "dpdm": "^3.14.0",
                "eslint": "^8.37.0",
                "eslint-config-mdcs": "^5.0.0",
                "eslint-plugin-compat": "^4.1.2",
                "eslint-plugin-html": "^7.1.0",
                "eslint-plugin-import": "^2.27.5",
                "failonlyreporter": "^1.0.0",
                "jimp": "^0.22.7",
                "magic-string": "^0.30.0",
                "pixelmatch": "^5.3.0",
                "puppeteer-core": "^19.8.1",
                "qunit": "^2.19.4",
                "rollup": "^3.20.2",
                "rollup-plugin-filesize": "^10.0.0",
                "rollup-plugin-visualizer": "^5.9.0",
                "servez": "^2.0.0"
            }
        },
        "../../src": {},
        "node_modules/@babel/runtime": {
            "version": "7.27.1",
            "resolved": "https://registry.npmjs.org/@babel/runtime/-/runtime-7.27.1.tgz",
            "integrity": "sha512-1x3D2xEk2fRo3PAhwQwu5UubzgiVWSXTBfWpVd2Mx2AzRqJuDJCsgaDVZ7HB5iGzDW1Hl1sWN2mFyKjmR9uAog==",
            "dev": true,
            "license": "MIT",
            "optional": true,
            "engines": {
                "node": ">=6.9.0"
            }
        },
        "node_modules/@types/react": {
            "version": "19.1.3",
            "resolved": "https://registry.npmjs.org/@types/react/-/react-19.1.3.tgz",
            "integrity": "sha512-dLWQ+Z0CkIvK1J8+wrDPwGxEYFA4RAyHoZPxHVGspYmFVnwGSNT24cGIhFJrtfRnWVuW8X7NO52gCXmhkVUWGQ==",
            "dev": true,
            "license": "MIT",
            "optional": true,
            "dependencies": {
                "csstype": "^3.0.2"
            }
        },
        "node_modules/@types/react-reconciler": {
            "version": "0.26.7",
            "resolved": "https://registry.npmjs.org/@types/react-reconciler/-/react-reconciler-0.26.7.tgz",
            "integrity": "sha512-mBDYl8x+oyPX/VBb3E638N0B7xG+SPk/EAMcVPeexqus/5aTpTphQi0curhhshOqRrc9t6OPoJfEUkbymse/lQ==",
            "dev": true,
            "license": "MIT",
            "optional": true,
            "dependencies": {
                "@types/react": "*"
            }
        },
        "node_modules/@types/webxr": {
            "version": "0.5.22",
            "resolved": "https://registry.npmjs.org/@types/webxr/-/webxr-0.5.22.tgz",
            "integrity": "sha512-Vr6Stjv5jPRqH690f5I5GLjVk8GSsoQSYJ2FVd/3jJF7KaqfwPi3ehfBS96mlQ2kPCwZaX6U0rG2+NGHBKkA/A==",
            "dev": true,
            "license": "MIT",
            "optional": true
        },
        "node_modules/3d-tiles-renderer": {
            "version": "0.4.9",
            "resolved": "https://registry.npmjs.org/3d-tiles-renderer/-/3d-tiles-renderer-0.4.9.tgz",
            "integrity": "sha512-vznWfg6LimEilMfR23xB5kIGllodIE83GOH9w2zIQyvkzUKPY+Qp06JN5sdch+fu5UD92DQILVbzIs31rjXhJw==",
            "dev": true,
            "license": "Apache-2.0",
            "optionalDependencies": {
                "@react-three/fiber": "^8.17.9",
                "react": "^18.3.1",
                "react-dom": "^18.3.1"
            },
            "peerDependencies": {
                "three": ">=0.166.0"
            }
        },
        "node_modules/3d-tiles-renderer/node_modules/@react-three/fiber": {
            "version": "8.18.0",
            "resolved": "https://registry.npmjs.org/@react-three/fiber/-/fiber-8.18.0.tgz",
            "integrity": "sha512-FYZZqD0UUHUswKz3LQl2Z7H24AhD14XGTsIRw3SJaXUxyfVMi+1yiZGmqTcPt/CkPpdU7rrxqcyQ1zJE5DjvIQ==",
            "dev": true,
            "license": "MIT",
            "optional": true,
            "dependencies": {
                "@babel/runtime": "^7.17.8",
                "@types/react-reconciler": "^0.26.7",
                "@types/webxr": "*",
                "base64-js": "^1.5.1",
                "buffer": "^6.0.3",
                "its-fine": "^1.0.6",
                "react-reconciler": "^0.27.0",
                "react-use-measure": "^2.1.7",
                "scheduler": "^0.21.0",
                "suspend-react": "^0.1.3",
                "zustand": "^3.7.1"
            },
            "peerDependencies": {
                "expo": ">=43.0",
                "expo-asset": ">=8.4",
                "expo-file-system": ">=11.0",
                "expo-gl": ">=11.0",
                "react": ">=18 <19",
                "react-dom": ">=18 <19",
                "react-native": ">=0.64",
                "three": ">=0.133"
            },
            "peerDependenciesMeta": {
                "expo": {
                    "optional": true
                },
                "expo-asset": {
                    "optional": true
                },
                "expo-file-system": {
                    "optional": true
                },
                "expo-gl": {
                    "optional": true
                },
                "react-dom": {
                    "optional": true
                },
                "react-native": {
                    "optional": true
                }
            }
        },
        "node_modules/3d-tiles-renderer/node_modules/scheduler": {
            "version": "0.21.0",
            "resolved": "https://registry.npmjs.org/scheduler/-/scheduler-0.21.0.tgz",
            "integrity": "sha512-1r87x5fz9MXqswA2ERLo0EbOAU74DpIUO090gIasYTqlVoJeMcl+Z1Rg7WHz+qtPujhS/hGIt9kxZOYBV3faRQ==",
            "dev": true,
            "license": "MIT",
            "optional": true,
            "dependencies": {
                "loose-envify": "^1.1.0"
            }
        },
        "node_modules/base64-js": {
            "version": "1.5.1",
            "resolved": "https://registry.npmjs.org/base64-js/-/base64-js-1.5.1.tgz",
            "integrity": "sha512-AKpaYlHn8t4SVbOHCy+b5+KKgvR4vrsD8vbvrbiQJps7fKDTkjkDry6ji0rUJjC0kzbNePLwzxq8iypo41qeWA==",
            "dev": true,
            "funding": [
                {
                    "type": "github",
                    "url": "https://github.com/sponsors/feross"
                },
                {
                    "type": "patreon",
                    "url": "https://www.patreon.com/feross"
                },
                {
                    "type": "consulting",
                    "url": "https://feross.org/support"
                }
            ],
            "license": "MIT",
            "optional": true
        },
        "node_modules/buffer": {
            "version": "6.0.3",
            "resolved": "https://registry.npmjs.org/buffer/-/buffer-6.0.3.tgz",
            "integrity": "sha512-FTiCpNxtwiZZHEZbcbTIcZjERVICn9yq/pDFkTl95/AxzD1naBctN7YO68riM/gLSDY7sdrMby8hofADYuuqOA==",
            "dev": true,
            "funding": [
                {
                    "type": "github",
                    "url": "https://github.com/sponsors/feross"
                },
                {
                    "type": "patreon",
                    "url": "https://www.patreon.com/feross"
                },
                {
                    "type": "consulting",
                    "url": "https://feross.org/support"
                }
            ],
            "license": "MIT",
            "optional": true,
            "dependencies": {
                "base64-js": "^1.3.1",
                "ieee754": "^1.2.1"
            }
        },
        "node_modules/csstype": {
            "version": "3.1.3",
            "resolved": "https://registry.npmjs.org/csstype/-/csstype-3.1.3.tgz",
            "integrity": "sha512-M1uQkMl8rQK/szD0LNhtqxIPLpimGm8sOBwU7lLnCpSbTyY3yeU1Vc7l4KT5zT4s/yOxHH5O7tIuuLOCnLADRw==",
            "dev": true,
            "license": "MIT",
            "optional": true
        },
        "node_modules/ieee754": {
            "version": "1.2.1",
            "resolved": "https://registry.npmjs.org/ieee754/-/ieee754-1.2.1.tgz",
            "integrity": "sha512-dcyqhDvX1C46lXZcVqCpK+FtMRQVdIMN6/Df5js2zouUsqG7I6sFxitIC+7KYK29KdXOLHdu9zL4sFnoVQnqaA==",
            "dev": true,
            "funding": [
                {
                    "type": "github",
                    "url": "https://github.com/sponsors/feross"
                },
                {
                    "type": "patreon",
                    "url": "https://www.patreon.com/feross"
                },
                {
                    "type": "consulting",
                    "url": "https://feross.org/support"
                }
            ],
            "license": "BSD-3-Clause",
            "optional": true
        },
        "node_modules/its-fine": {
            "version": "1.2.5",
            "resolved": "https://registry.npmjs.org/its-fine/-/its-fine-1.2.5.tgz",
            "integrity": "sha512-fXtDA0X0t0eBYAGLVM5YsgJGsJ5jEmqZEPrGbzdf5awjv0xE7nqv3TVnvtUF060Tkes15DbDAKW/I48vsb6SyA==",
            "dev": true,
            "license": "MIT",
            "optional": true,
            "dependencies": {
                "@types/react-reconciler": "^0.28.0"
            },
            "peerDependencies": {
                "react": ">=18.0"
            }
        },
        "node_modules/its-fine/node_modules/@types/react-reconciler": {
            "version": "0.28.9",
            "resolved": "https://registry.npmjs.org/@types/react-reconciler/-/react-reconciler-0.28.9.tgz",
            "integrity": "sha512-HHM3nxyUZ3zAylX8ZEyrDNd2XZOnQ0D5XfunJF5FLQnZbHHYq4UWvW1QfelQNXv1ICNkwYhfxjwfnqivYB6bFg==",
            "dev": true,
            "license": "MIT",
            "optional": true,
            "peerDependencies": {
                "@types/react": "*"
            }
        },
        "node_modules/js-tokens": {
            "version": "4.0.0",
            "resolved": "https://registry.npmjs.org/js-tokens/-/js-tokens-4.0.0.tgz",
            "integrity": "sha512-RdJUflcE3cUzKiMqQgsCu06FPu9UdIJO0beYbPhHN4k6apgJtifcoCtT9bcxOpYBtpD2kCM6Sbzg4CausW/PKQ==",
            "dev": true,
            "license": "MIT",
            "optional": true
        },
        "node_modules/loose-envify": {
            "version": "1.4.0",
            "resolved": "https://registry.npmjs.org/loose-envify/-/loose-envify-1.4.0.tgz",
            "integrity": "sha512-lyuxPGr/Wfhrlem2CL/UcnUc1zcqKAImBDzukY7Y5F/yQiNdko6+fRLevlw1HgMySw7f611UIY408EtxRSoK3Q==",
            "dev": true,
            "license": "MIT",
            "optional": true,
            "dependencies": {
                "js-tokens": "^3.0.0 || ^4.0.0"
            },
            "bin": {
                "loose-envify": "cli.js"
            }
        },
        "node_modules/react": {
            "version": "18.3.1",
            "resolved": "https://registry.npmjs.org/react/-/react-18.3.1.tgz",
            "integrity": "sha512-wS+hAgJShR0KhEvPJArfuPVN1+Hz1t0Y6n5jLrGQbkb4urgPE/0Rve+1kMB1v/oWgHgm4WIcV+i7F2pTVj+2iQ==",
            "dev": true,
            "license": "MIT",
            "optional": true,
            "dependencies": {
                "loose-envify": "^1.1.0"
            },
            "engines": {
                "node": ">=0.10.0"
            }
        },
        "node_modules/react-dom": {
            "version": "18.3.1",
            "resolved": "https://registry.npmjs.org/react-dom/-/react-dom-18.3.1.tgz",
            "integrity": "sha512-5m4nQKp+rZRb09LNH59GM4BxTh9251/ylbKIbpe7TpGxfJ+9kv6BLkLBXIjjspbgbnIBNqlI23tRnTWT0snUIw==",
            "dev": true,
            "license": "MIT",
            "optional": true,
            "dependencies": {
                "loose-envify": "^1.1.0",
                "scheduler": "^0.23.2"
            },
            "peerDependencies": {
                "react": "^18.3.1"
            }
        },
        "node_modules/react-reconciler": {
            "version": "0.27.0",
            "resolved": "https://registry.npmjs.org/react-reconciler/-/react-reconciler-0.27.0.tgz",
            "integrity": "sha512-HmMDKciQjYmBRGuuhIaKA1ba/7a+UsM5FzOZsMO2JYHt9Jh8reCb7j1eDC95NOyUlKM9KRyvdx0flBuDvYSBoA==",
            "dev": true,
            "license": "MIT",
            "optional": true,
            "dependencies": {
                "loose-envify": "^1.1.0",
                "scheduler": "^0.21.0"
            },
            "engines": {
                "node": ">=0.10.0"
            },
            "peerDependencies": {
                "react": "^18.0.0"
            }
        },
        "node_modules/react-reconciler/node_modules/scheduler": {
            "version": "0.21.0",
            "resolved": "https://registry.npmjs.org/scheduler/-/scheduler-0.21.0.tgz",
            "integrity": "sha512-1r87x5fz9MXqswA2ERLo0EbOAU74DpIUO090gIasYTqlVoJeMcl+Z1Rg7WHz+qtPujhS/hGIt9kxZOYBV3faRQ==",
            "dev": true,
            "license": "MIT",
            "optional": true,
            "dependencies": {
                "loose-envify": "^1.1.0"
            }
        },
        "node_modules/react-use-measure": {
            "version": "2.1.7",
            "resolved": "https://registry.npmjs.org/react-use-measure/-/react-use-measure-2.1.7.tgz",
            "integrity": "sha512-KrvcAo13I/60HpwGO5jpW7E9DfusKyLPLvuHlUyP5zqnmAPhNc6qTRjUQrdTADl0lpPpDVU2/Gg51UlOGHXbdg==",
            "dev": true,
            "license": "MIT",
            "optional": true,
            "peerDependencies": {
                "react": ">=16.13",
                "react-dom": ">=16.13"
            },
            "peerDependenciesMeta": {
                "react-dom": {
                    "optional": true
                }
            }
        },
        "node_modules/scheduler": {
            "version": "0.23.2",
            "resolved": "https://registry.npmjs.org/scheduler/-/scheduler-0.23.2.tgz",
            "integrity": "sha512-UOShsPwz7NrMUqhR6t0hWjFduvOzbtv7toDH1/hIrfRNIDBnnBWd0CwJTGvTpngVlmwGCdP9/Zl/tVrDqcuYzQ==",
            "dev": true,
            "license": "MIT",
            "optional": true,
            "dependencies": {
                "loose-envify": "^1.1.0"
            }
        },
        "node_modules/suspend-react": {
            "version": "0.1.3",
            "resolved": "https://registry.npmjs.org/suspend-react/-/suspend-react-0.1.3.tgz",
            "integrity": "sha512-aqldKgX9aZqpoDp3e8/BZ8Dm7x1pJl+qI3ZKxDN0i/IQTWUwBx/ManmlVJ3wowqbno6c2bmiIfs+Um6LbsjJyQ==",
            "dev": true,
            "license": "MIT",
            "optional": true,
            "peerDependencies": {
                "react": ">=17.0"
            }
        },
        "node_modules/three": {
            "resolved": "../../node_modules/three",
            "link": true
        },
        "node_modules/threepipe": {
            "resolved": "../../src",
            "link": true
        },
        "node_modules/zustand": {
            "version": "3.7.2",
            "resolved": "https://registry.npmjs.org/zustand/-/zustand-3.7.2.tgz",
            "integrity": "sha512-PIJDIZKtokhof+9+60cpockVOq05sJzHCriyvaLBmEJixseQ1a5Kdov6fWZfWOu5SK9c+FhH1jU0tntLxRJYMA==",
            "dev": true,
            "license": "MIT",
            "optional": true,
            "engines": {
                "node": ">=12.7.0"
            },
            "peerDependencies": {
                "react": ">=16.8"
            },
            "peerDependenciesMeta": {
                "react": {
                    "optional": true
                }
            }
        }
    }
}
