{
    "name": "@threepipe/plugin-svg-renderer",
    "version": "0.2.3",
    "lockfileVersion": 3,
    "requires": true,
    "packages": {
        "": {
            "name": "@threepipe/plugin-svg-renderer",
            "version": "0.2.3",
            "license": "GPLV3",
            "dependencies": {
                "threepipe": "file:./../../src/"
            },
            "devDependencies": {
                "@svgdotjs/svg.js": "^3.2.0",
                "@svgdotjs/svg.topath.js": "^2.0.3",
                "arrangement-2d-js": "github:LokiResearch/arrangement-2d-js",
                "fast-triangle-triangle-intersection": "^1.0.7",
                "flatbush": "^4.4.0",
                "isect": "^3.0.2",
                "three": "file:./../../node_modules/three",
                "three-mesh-bvh": "^0.7.4",
                "xml-formatter": "^2.6.1"
            }
        },
        "../../node_modules/three": {
            "version": "0.160.1006",
            "dev": true,
            "license": "MIT",
            "devDependencies": {
                "@rollup/plugin-node-resolve": "^15.0.1",
                "@rollup/plugin-terser": "^0.4.0",
                "chalk": "^5.2.0",
                "concurrently": "^8.0.1",
                "dpdm": "^3.14.0",
                "eslint": "^8.37.0",
                "eslint-config-mdcs": "^5.0.0",
                "eslint-plugin-compat": "^4.1.2",
                "eslint-plugin-html": "^7.1.0",
                "eslint-plugin-import": "^2.27.5",
                "failonlyreporter": "^1.0.0",
                "jimp": "^0.22.7",
                "magic-string": "^0.30.0",
                "pixelmatch": "^5.3.0",
                "puppeteer": "^21.5.1",
                "qunit": "^2.19.4",
                "rollup": "^4.6.0",
                "rollup-plugin-filesize": "^10.0.0",
                "rollup-plugin-visualizer": "^5.9.0",
                "servez": "^2.0.0"
            }
        },
        "../../src": {},
        "node_modules/@svgdotjs/svg.js": {
            "version": "3.2.0",
            "resolved": "https://registry.npmjs.org/@svgdotjs/svg.js/-/svg.js-3.2.0.tgz",
            "integrity": "sha512-Tr8p+QVP7y+QT1GBlq1Tt57IvedVH8zCPoYxdHLX0Oof3a/PqnC/tXAkVufv1JQJfsDHlH/UrjcDfgxSofqSNA==",
            "dev": true,
            "funding": {
                "type": "github",
                "url": "https://github.com/sponsors/Fuzzyma"
            }
        },
        "node_modules/@svgdotjs/svg.topath.js": {
            "version": "2.0.3",
            "resolved": "https://registry.npmjs.org/@svgdotjs/svg.topath.js/-/svg.topath.js-2.0.3.tgz",
            "integrity": "sha512-vZG+4DpzjhkjCT9LJqg+cMCekJIGSUTpOEfbQN/wueSaiP7N04JFXYW4X3lj1MlZDNU9IcE1GsWEuwdhLJJGuA==",
            "dev": true,
            "dependencies": {
                "@svgdotjs/svg.js": "^3.0.10"
            },
            "engines": {
                "node": ">= 0.8.0"
            }
        },
        "node_modules/arrangement-2d-js": {
            "version": "1.0.0",
            "resolved": "git+ssh://git@github.com/LokiResearch/arrangement-2d-js.git#0d61b1eec52c252af24c56e02a4c8214e22f443c",
            "dev": true
        },
        "node_modules/fast-triangle-triangle-intersection": {
            "version": "1.0.7",
            "resolved": "https://registry.npmjs.org/fast-triangle-triangle-intersection/-/fast-triangle-triangle-intersection-1.0.7.tgz",
            "integrity": "sha512-IdWIfknFUBSd8u1KG3mgFCbsJfE2QKzRe3rFmFUmGWq/ZylbpryoMBoRyx4Rcc0MxsNG+f8p9CKI8QeP8QYa3w==",
            "dev": true,
            "peerDependencies": {
                "three": ">= 0.123.0"
            }
        },
        "node_modules/flatbush": {
            "version": "4.4.0",
            "resolved": "https://registry.npmjs.org/flatbush/-/flatbush-4.4.0.tgz",
            "integrity": "sha512-cf6G+sfy/+/FLH7Ls1URQ5GCRlXgwgqUZiEsMNrMZqb3Us3EkKmzUlKbnyoBy/4wI4oLJ+8cyCQoKJIVm92Fmg==",
            "dev": true,
            "dependencies": {
                "flatqueue": "^2.0.3"
            }
        },
        "node_modules/flatqueue": {
            "version": "2.0.3",
            "resolved": "https://registry.npmjs.org/flatqueue/-/flatqueue-2.0.3.tgz",
            "integrity": "sha512-RZCWZNkmxzUOh8jqEcEGZCycb3B8KAfpPwg3H//cURasunYxsg1eIvE+QDSjX+ZPHTIVfINfK1aLTrVKKO0i4g==",
            "dev": true,
            "engines": {
                "node": ">= 12.17.0"
            }
        },
        "node_modules/isect": {
            "version": "3.0.2",
            "resolved": "https://registry.npmjs.org/isect/-/isect-3.0.2.tgz",
            "integrity": "sha512-HMzl1S9rnhjhenLDKCmS1y4UPqFuVfVD9VM96mmBiiowrDuy7LNEuBNzTU2UHpFov4EK83f/WF2imktZhoP9Nw==",
            "dev": true,
            "dependencies": {
                "splaytree": "^2.0.2"
            }
        },
        "node_modules/splaytree": {
            "version": "2.0.3",
            "resolved": "https://registry.npmjs.org/splaytree/-/splaytree-2.0.3.tgz",
            "integrity": "sha512-IziTvWQv9F1EiKq9XveosQRGTLrdUW0jLokpmAXz0+hnLgBZitvU0j4gUvCGASKwUQvCZaofhff1H8OmE2LRdA==",
            "dev": true
        },
        "node_modules/three": {
            "resolved": "../../node_modules/three",
            "link": true
        },
        "node_modules/three-mesh-bvh": {
            "version": "0.7.4",
            "resolved": "https://registry.npmjs.org/three-mesh-bvh/-/three-mesh-bvh-0.7.4.tgz",
            "integrity": "sha512-flxe0A4uflTPR6elgq/Y8VrLoljDNS899i422SxQcU3EtMj6o8z4kZRyqZqGWzR0qMf1InTZzY1/0xZl/rnvVw==",
            "dev": true,
            "peerDependencies": {
                "three": ">= 0.151.0"
            }
        },
        "node_modules/threepipe": {
            "resolved": "../../src",
            "link": true
        },
        "node_modules/xml-formatter": {
            "version": "2.6.1",
            "resolved": "https://registry.npmjs.org/xml-formatter/-/xml-formatter-2.6.1.tgz",
            "integrity": "sha512-dOiGwoqm8y22QdTNI7A+N03tyVfBlQ0/oehAzxIZtwnFAHGeSlrfjF73YQvzSsa/Kt6+YZasKsrdu6OIpuBggw==",
            "dev": true,
            "dependencies": {
                "xml-parser-xo": "^3.2.0"
            },
            "engines": {
                "node": ">= 10"
            }
        },
        "node_modules/xml-parser-xo": {
            "version": "3.2.0",
            "resolved": "https://registry.npmjs.org/xml-parser-xo/-/xml-parser-xo-3.2.0.tgz",
            "integrity": "sha512-8LRU6cq+d7mVsoDaMhnkkt3CTtAs4153p49fRo+HIB3I1FD1o5CeXRjRH29sQevIfVJIcPjKSsPU/+Ujhq09Rg==",
            "dev": true,
            "engines": {
                "node": ">= 10"
            }
        }
    }
}
