{
    "name": "@threepipe/plugin-tweakpane",
    "version": "0.8.3",
    "lockfileVersion": 3,
    "requires": true,
    "packages": {
        "": {
            "name": "@threepipe/plugin-tweakpane",
            "version": "0.8.3",
            "license": "Apache-2.0",
            "dependencies": {
                "threepipe": "file:./../../src/"
            },
            "devDependencies": {
                "@pangenerator/tweakpane-textarea-plugin": "^1.0.4",
                "ts-browser-helpers": "file:./../../node_modules/ts-browser-helpers",
                "tweakpane": "^3.1.10",
                "tweakpane-image-plugin": "https://pkg.threepipe.org/dep/tweakpane-image-plugin/-/v1.1.404/package.tgz",
                "uiconfig-tweakpane": "0.1.1",
                "uiconfig.js": "file:./../../node_modules/uiconfig.js"
            },
            "peerDependencies": {
                "threepipe": "^0.1.0",
                "uiconfig-tweakpane": "^0.1.1"
            }
        },
        "../../node_modules/ts-browser-helpers": {
            "version": "0.19.4",
            "dev": true,
            "license": "MIT",
            "dependencies": {
                "@types/wicg-file-system-access": "^2020.9.5"
            },
            "engines": {
                "node": ">=22.0.0"
            }
        },
        "../../node_modules/uiconfig.js": {
            "version": "0.3.1",
            "dev": true,
            "license": "MIT",
            "dependencies": {
                "ts-browser-helpers": "^0.19.4"
            }
        },
        "../../src": {},
        "node_modules/@pangenerator/tweakpane-textarea-plugin": {
            "version": "1.0.4",
            "resolved": "https://registry.npmjs.org/@pangenerator/tweakpane-textarea-plugin/-/tweakpane-textarea-plugin-1.0.4.tgz",
            "integrity": "sha512-fVQJBT456ssOFVcJiqduzQVLVqw4lAItx6hwaVOsUe9+hyKFhWUqcHi93lGcGOtDz3YhSKhfyIJPKOzwTCNiGw==",
            "dev": true,
            "license": "MIT",
            "peerDependencies": {
                "tweakpane": "^3.0.5"
            }
        },
        "node_modules/@tweakpane/core": {
            "version": "1.1.9",
            "resolved": "https://registry.npmjs.org/@tweakpane/core/-/core-1.1.9.tgz",
            "integrity": "sha512-9tq+KAhaqPiOgsFyLPAz1IMXkVfhRqxGzAgy1ps3As6o3W7XjnU7sev6OlD/Z+Pzw8uZVMukkSHf2e0uCU6u0A==",
            "dev": true,
            "license": "MIT",
            "optional": true,
            "peer": true
        },
        "node_modules/threepipe": {
            "resolved": "../../src",
            "link": true
        },
        "node_modules/ts-browser-helpers": {
            "resolved": "../../node_modules/ts-browser-helpers",
            "link": true
        },
        "node_modules/tweakpane": {
            "version": "3.1.10",
            "resolved": "https://registry.npmjs.org/tweakpane/-/tweakpane-3.1.10.tgz",
            "integrity": "sha512-rqwnl/pUa7+inhI2E9ayGTqqP0EPOOn/wVvSWjZsRbZUItzNShny7pzwL3hVlaN4m9t/aZhsP0aFQ9U5VVR2VQ==",
            "dev": true,
            "license": "MIT",
            "funding": {
                "url": "https://github.com/sponsors/cocopon"
            }
        },
        "node_modules/tweakpane-image-plugin": {
            "version": "1.1.404",
            "resolved": "https://pkg.threepipe.org/dep/tweakpane-image-plugin/-/v1.1.404/package.tgz",
            "integrity": "sha512-CDTSmawGZvvTtGYCy6YKKyR1Rxo96/bVuqJvl2JYMn6n625SI8KTlscdb8VQi09pwz/96RNu9BDzTF3nRTZj1g==",
            "dev": true,
            "license": "MIT",
            "dependencies": {
                "@tweakpane/core": "1.1.8"
            }
        },
        "node_modules/tweakpane-image-plugin/node_modules/@tweakpane/core": {
            "version": "1.1.8",
            "resolved": "https://registry.npmjs.org/@tweakpane/core/-/core-1.1.8.tgz",
            "integrity": "sha512-psvBf6Cbm3YSZOTmDFWkcGzHYMnw7gVZM3jw+TfbzErIC+sMXPQb85h4ayW04w2u7AGg8jD0gHXSCg5wd+rafg==",
            "dev": true,
            "license": "MIT"
        },
        "node_modules/uiconfig-tweakpane": {
            "version": "0.1.1",
            "resolved": "https://registry.npmjs.org/uiconfig-tweakpane/-/uiconfig-tweakpane-0.1.1.tgz",
            "integrity": "sha512-rzv/FcLui2+xItUm+ys9ge8o5A73o2t8ANkUqCqNDO4JW+eftmDzwcdJsgaFKyunzYdEVlscwX3QvR/5l3jPYQ==",
            "dev": true,
            "license": "MIT",
            "dependencies": {
                "ts-browser-helpers": "^0.19.3",
                "uiconfig.js": "^0.2.1"
            },
            "peerDependencies": {
                "@tweakpane/core": "1.1.9",
                "@types/three": "^0.152.1",
                "tweakpane": "3.1.10"
            },
            "peerDependenciesMeta": {
                "@tweakpane/core": {
                    "optional": true
                },
                "@types/three": {
                    "optional": true
                },
                "tweakpane": {
                    "optional": true
                }
            }
        },
        "node_modules/uiconfig.js": {
            "resolved": "../../node_modules/uiconfig.js",
            "link": true
        }
    }
}
