{
    "name": "@threepipe/plugin-blend-importer",
    "version": "0.0.1",
    "lockfileVersion": 2,
    "requires": true,
    "packages": {
        "": {
            "name": "@threepipe/plugin-blend-importer",
            "version": "0.0.1",
            "license": "Apache-2.0",
            "dependencies": {
                "threepipe": "file:./../../src/"
            },
            "devDependencies": {}
        },
        "../../src": {},
        "../tweakpane/src": {
            "extraneous": true
        },
        "node_modules/threepipe": {
            "resolved": "../../src",
            "link": true
        }
    },
    "dependencies": {
        "threepipe": {
            "version": "file:../../src"
        }
    }
}
