{
    "name": "@threepipe/plugin-blend-importer",
    "version": "0.1.0",
    "lockfileVersion": 3,
    "requires": true,
    "packages": {
        "": {
            "name": "@threepipe/plugin-blend-importer",
            "version": "0.1.0",
            "license": "Apache-2.0",
            "dependencies": {
                "fzstd": "^0.1.1",
                "threepipe": "file:./../../src/"
            },
            "devDependencies": {},
            "peerDependencies": {
                "threepipe": ">=0.1.0"
            }
        },
        "../../src": {},
        "node_modules/fzstd": {
            "version": "0.1.1",
            "resolved": "https://registry.npmjs.org/fzstd/-/fzstd-0.1.1.tgz",
            "integrity": "sha512-dkuVSOKKwh3eas5VkJy1AW1vFpet8TA/fGmVA5krThl8YcOVE/8ZIoEA1+U1vEn5ckxxhLirSdY837azmbaNHA==",
            "license": "MIT"
        },
        "node_modules/threepipe": {
            "resolved": "../../src",
            "link": true
        }
    }
}
