{
    "name": "@threepipe/plugin-troika-text",
    "version": "0.1.0",
    "lockfileVersion": 3,
    "requires": true,
    "packages": {
        "": {
            "name": "@threepipe/plugin-troika-text",
            "version": "0.1.0",
            "license": "Apache-2.0",
            "dependencies": {
                "threepipe": "file:./../../src/"
            },
            "devDependencies": {
                "troika-three-text": "^0.52.4"
            },
            "peerDependencies": {
                "threepipe": "^0.0.63",
                "troika-three-text": "^0.52.4"
            },
            "peerDependenciesMeta": {
                "troika-three-text": {
                    "optional": true
                }
            }
        },
        "../../src": {},
        "node_modules/bidi-js": {
            "version": "1.0.3",
            "resolved": "https://registry.npmjs.org/bidi-js/-/bidi-js-1.0.3.tgz",
            "integrity": "sha512-RKshQI1R3YQ+n9YJz2QQ147P66ELpa1FQEg20Dk8oW9t2KgLbpDLLp9aGZ7y8WHSshDknG0bknqGw5/tyCs5tw==",
            "dev": true,
            "license": "MIT",
            "dependencies": {
                "require-from-string": "^2.0.2"
            }
        },
        "node_modules/require-from-string": {
            "version": "2.0.2",
            "resolved": "https://registry.npmjs.org/require-from-string/-/require-from-string-2.0.2.tgz",
            "integrity": "sha512-Xf0nWe6RseziFMu+Ap9biiUbmplq6S9/p+7w7YXP/JBHhrUDDUhwa+vANyubuqfZWTveU//DYVGsDG7RKL/vEw==",
            "dev": true,
            "license": "MIT",
            "engines": {
                "node": ">=0.10.0"
            }
        },
        "node_modules/three": {
            "version": "0.179.1",
            "resolved": "https://registry.npmjs.org/three/-/three-0.179.1.tgz",
            "integrity": "sha512-5y/elSIQbrvKOISxpwXCR4sQqHtGiOI+MKLc3SsBdDXA2hz3Mdp3X59aUp8DyybMa34aeBwbFTpdoLJaUDEWSw==",
            "dev": true,
            "license": "MIT",
            "peer": true
        },
        "node_modules/threepipe": {
            "resolved": "../../src",
            "link": true
        },
        "node_modules/troika-three-text": {
            "version": "0.52.4",
            "resolved": "https://registry.npmjs.org/troika-three-text/-/troika-three-text-0.52.4.tgz",
            "integrity": "sha512-V50EwcYGruV5rUZ9F4aNsrytGdKcXKALjEtQXIOBfhVoZU9VAqZNIoGQ3TMiooVqFAbR1w15T+f+8gkzoFzawg==",
            "dev": true,
            "license": "MIT",
            "dependencies": {
                "bidi-js": "^1.0.2",
                "troika-three-utils": "^0.52.4",
                "troika-worker-utils": "^0.52.0",
                "webgl-sdf-generator": "1.1.1"
            },
            "peerDependencies": {
                "three": ">=0.125.0"
            }
        },
        "node_modules/troika-three-utils": {
            "version": "0.52.4",
            "resolved": "https://registry.npmjs.org/troika-three-utils/-/troika-three-utils-0.52.4.tgz",
            "integrity": "sha512-NORAStSVa/BDiG52Mfudk4j1FG4jC4ILutB3foPnfGbOeIs9+G5vZLa0pnmnaftZUGm4UwSoqEpWdqvC7zms3A==",
            "dev": true,
            "license": "MIT",
            "peerDependencies": {
                "three": ">=0.125.0"
            }
        },
        "node_modules/troika-worker-utils": {
            "version": "0.52.0",
            "resolved": "https://registry.npmjs.org/troika-worker-utils/-/troika-worker-utils-0.52.0.tgz",
            "integrity": "sha512-W1CpvTHykaPH5brv5VHLfQo9D1OYuo0cSBEUQFFT/nBUzM8iD6Lq2/tgG/f1OelbAS1WtaTPQzE5uM49egnngw==",
            "dev": true,
            "license": "MIT"
        },
        "node_modules/webgl-sdf-generator": {
            "version": "1.1.1",
            "resolved": "https://registry.npmjs.org/webgl-sdf-generator/-/webgl-sdf-generator-1.1.1.tgz",
            "integrity": "sha512-9Z0JcMTFxeE+b2x1LJTdnaT8rT8aEp7MVxkNwoycNmJWwPdzoXzMh0BjJSh/AEFP+KPYZUli814h8bJZFIZ2jA==",
            "dev": true,
            "license": "MIT"
        }
    }
}
