{
    "name": "@threepipe/plugin-gltf-transform",
    "version": "0.1.2",
    "lockfileVersion": 3,
    "requires": true,
    "packages": {
        "": {
            "name": "@threepipe/plugin-gltf-transform",
            "version": "0.1.2",
            "license": "Apache-2.0",
            "dependencies": {
                "threepipe": "file:./../../src/"
            },
            "devDependencies": {
                "@gltf-transform/core": "3.2.1",
                "@gltf-transform/extensions": "3.2.1"
            }
        },
        "../../src": {},
        "../tweakpane/src": {
            "extraneous": true
        },
        "node_modules/@gltf-transform/core": {
            "version": "3.2.1",
            "resolved": "https://registry.npmjs.org/@gltf-transform/core/-/core-3.2.1.tgz",
            "integrity": "sha512-EE4AXJsu1jsSvcTnzk+mCu/VgLldPsb0gGhOV7onRlHM4DYh8m9aCCjGdLJf1uNJi+KUP5hPmOrUteXuopFq2A==",
            "dev": true,
            "dependencies": {
                "property-graph": "^1.2.0"
            }
        },
        "node_modules/@gltf-transform/extensions": {
            "version": "3.2.1",
            "resolved": "https://registry.npmjs.org/@gltf-transform/extensions/-/extensions-3.2.1.tgz",
            "integrity": "sha512-7uiCXDV7/o2pnuXM9z/URdP9RR3baOaVo3f3eo65WtoUBIRKO6I/WHJzwGrRdWIWKQQWfxwZLTzYYaAgprnxDg==",
            "dev": true,
            "dependencies": {
                "@gltf-transform/core": "^3.2.1",
                "ktx-parse": "^0.5.0"
            }
        },
        "node_modules/ktx-parse": {
            "version": "0.5.0",
            "resolved": "https://registry.npmjs.org/ktx-parse/-/ktx-parse-0.5.0.tgz",
            "integrity": "sha512-5IZrv5s1byUeDTIee1jjJQBiD5LPDB0w9pJJ0oT9BCKKJf16Tuj123vm1Ps0GOHSHmeWPgKM0zuViCVuTRpqaA==",
            "dev": true
        },
        "node_modules/property-graph": {
            "version": "1.3.1",
            "resolved": "https://registry.npmjs.org/property-graph/-/property-graph-1.3.1.tgz",
            "integrity": "sha512-gei3N/bHWJdCItJ4blnlGWd9iauEZI+JZYj/A0D177XSI01+QhiJGAVscYBhe3Yywow3A2QJzVtsO2P+UgrRRQ==",
            "dev": true
        },
        "node_modules/threepipe": {
            "resolved": "../../src",
            "link": true
        }
    }
}
